
Microsoft Visual Studio Solution File, Format Version 12.00
# Visual Studio Version 17
VisualStudioVersion = 17.7.34031.279
MinimumVisualStudioVersion = 10.0.40219.1
Project("{FAE04EC0-301F-11D3-BF4B-00C04F79EFBC}") = "EduHomeApp", "EduHomeApp\EduHomeApp.csproj", "{ECA4C958-5711-447A-855C-AD99A368C94B}"
EndProject
Global
	GlobalSection(SolutionConfigurationPlatforms) = preSolution
		Debug|Any CPU = Debug|Any CPU
		Release|Any CPU = Release|Any CPU
	EndGlobalSection
	GlobalSection(ProjectConfigurationPlatforms) = postSolution
		{ECA4C958-5711-447A-855C-AD99A368C94B}.Debug|Any CPU.ActiveCfg = Debug|Any CPU
		{ECA4C958-5711-447A-855C-AD99A368C94B}.Debug|Any CPU.Build.0 = Debug|Any CPU
		{ECA4C958-5711-447A-855C-AD99A368C94B}.Release|Any CPU.ActiveCfg = Release|Any CPU
		{ECA4C958-5711-447A-855C-AD99A368C94B}.Release|Any CPU.Build.0 = Release|Any CPU
	EndGlobalSection
	GlobalSection(SolutionProperties) = preSolution
		HideSolutionNode = FALSE
	EndGlobalSection
	GlobalSection(ExtensibilityGlobals) = postSolution
		SolutionGuid = {27AEAE89-1D0A-44B2-9C02-D11BDAE6D53E}
	EndGlobalSection
EndGlobal
